// !$*UTF8*$!
{
	archiveVersion = 1;
	classes = {
	};
	objectVersion = 50;
	objects = {

/* Begin PBXBuildFile section */
		F68AD6C12184DF5A00BA0701 /* AppDelegate.swift in Sources */ = {isa = PBXBuildFile; fileRef = F68AD6C02184DF5A00BA0701 /* AppDelegate.swift */; };
		F68AD6C32184DF5A00BA0701 /* ViewController.swift in Sources */ = {isa = PBXBuildFile; fileRef = F68AD6C22184DF5A00BA0701 /* ViewController.swift */; };
		F68AD6C62184DF5A00BA0701 /* Main.storyboard in Resources */ = {isa = PBXBuildFile; fileRef = F68AD6C42184DF5A00BA0701 /* Main.storyboard */; };
		F68AD6C82184DF5B00BA0701 /* Assets.xcassets in Resources */ = {isa = PBXBuildFile; fileRef = F68AD6C72184DF5B00BA0701 /* Assets.xcassets */; };
		F68AD6CB2184DF5B00BA0701 /* LaunchScreen.storyboard in Resources */ = {isa = PBXBuildFile; fileRef = F68AD6C92184DF5B00BA0701 /* LaunchScreen.storyboard */; };
/* End PBXBuildFile section */

/* Begin PBXFileReference section */
		F68AD6BD2184DF5900BA0701 /* Tutor.app */ = {isa = PBXFileReference; explicitFileType = wrapper.application; includeInIndex = 0; path = Tutor.app; sourceTree = BUILT_PRODUCTS_DIR; };
		F68AD6C02184DF5A00BA0701 /* AppDelegate.swift */ = {isa = PBXFileReference; lastKnownFileType = sourcecode.swift; path = AppDelegate.swift; sourceTree = "<group>"; };
		F68AD6C22184DF5A00BA0701 /* ViewController.swift */ = {isa = PBXFileReference; lastKnownFileType = sourcecode.swift; path = ViewController.swift; sourceTree = "<group>"; };
		F68AD6C52184DF5A00BA0701 /* Base */ = {isa = PBXFileReference; lastKnownFileType = file.storyboard; name = Base; path = Base.lproj/Main.storyboard; sourceTree = "<group>"; };
		F68AD6C72184DF5B00BA0701 /* Assets.xcassets */ = {isa = PBXFileReference; lastKnownFileType = folder.assetcatalog; path = Assets.xcassets; sourceTree = "<group>"; };
		F68AD6CA2184DF5B00BA0701 /* Base */ = {isa = PBXFileReference; lastKnownFileType = file.storyboard; name = Base; path = Base.lproj/LaunchScreen.storyboard; sourceTree = "<group>"; };
		F68AD6CC2184DF5B00BA0701 /* Info.plist */ = {isa = PBXFileReference; lastKnownFileType = text.plist.xml; path = Info.plist; sourceTree = "<group>"; };
/* End PBXFileReference section */

/* Begin PBXFrameworksBuildPhase section */
		F68AD6BA2184DF5900BA0701 /* Frameworks */ = {
			isa = PBXFrameworksBuildPhase;
			buildActionMask = 2147483647;
			files = (
			);
			runOnlyForDeploymentPostprocessing = 0;
		};
/* End PBXFrameworksBuildPhase section */

/* Begin PBXGroup section */
		F68AD6B42184DF5900BA0701 = {
			isa = PBXGroup;
			children = (
				F68AD6BF2184DF5A00BA0701 /* Tutor */,
				F68AD6BE2184DF5900BA0701 /* Products */,
			);
			sourceTree = "<group>";
		};
		F68AD6BE2184DF5900BA0701 /* Products */ = {
			isa = PBXGroup;
			children = (
				F68AD6BD2184DF5900BA0701 /* Tutor.app */,
			);
			name = Products;
			sourceTree = "<group>";
		};
		F68AD6BF2184DF5A00BA0701 /* Tutor */ = {
			isa = PBXGroup;
			children = (
				F68AD6C02184DF5A00BA0701 /* AppDelegate.swift */,
				F68AD6C22184DF5A00BA0701 /* ViewController.swift */,
				F68AD6C42184DF5A00BA0701 /* Main.storyboard */,
				F68AD6C72184DF5B00BA0701 /* Assets.xcassets */,
				F68AD6C92184DF5B00BA0701 /* LaunchScreen.storyboard */,
				F68AD6CC2184DF5B00BA0701 /* Info.plist */,
			);
			path = Tutor;
			sourceTree = "<group>";
		};
/* End PBXGroup section */

/* Begin PBXNativeTarget section */
		F68AD6BC2184DF5900BA0701 /* Tutor */ = {
			isa = PBXNativeTarget;
			buildConfigurationList = F68AD6CF2184DF5B00BA0701 /* Build configuration list for PBXNativeTarget "Tutor" */;
			buildPhases = (
				F68AD6B92184DF5900BA0701 /* Sources */,
				F68AD6BA2184DF5900BA0701 /* Frameworks */,
				F68AD6BB2184DF5900BA0701 /* Resources */,
			);
			buildRules = (
			);
			dependencies = (
			);
			name = Tutor;
			productName = Tutor;
			productReference = F68AD6BD2184DF5900BA0701 /* Tutor.app */;
			productType = "com.apple.product-type.application";
		};
/* End PBXNativeTarget section */

/* Begin PBXProject section */
		F68AD6B52184DF5900BA0701 /* Project object */ = {
			isa = PBXProject;
			attributes = {
				LastSwiftUpdateCheck = 1000;
				LastUpgradeCheck = 1000;
				ORGANIZATIONNAME = "Javier Bustillo";
				TargetAttributes = {
					F68AD6BC2184DF5900BA0701 = {
						CreatedOnToolsVersion = 10.0;
					};
				};
			};
			buildConfigurationList = F68AD6B82184DF5900BA0701 /* Build configuration list for PBXProject "Tutor" */;
			compatibilityVersion = "Xcode 9.3";
			developmentRegion = en;
			hasScannedForEncodings = 0;
			knownRegions = (
				en,
				Base,
			);
			mainGroup = F68AD6B42184DF5900BA0701;
			productRefGroup = F68AD6BE2184DF5900BA0701 /* Products */;
			projectDirPath = "";
			projectRoot = "";
			targets = (
				F68AD6BC2184DF5900BA0701 /* Tutor */,
			);
		};
/* End PBXProject section */

/* Begin PBXResourcesBuildPhase section */
		F68AD6BB2184DF5900BA0701 /* Resources */ = {
			isa = PBXResourcesBuildPhase;
			buildActionMask = 2147483647;
			files = (
				F68AD6CB2184DF5B00BA0701 /* LaunchScreen.storyboard in Resources */,
				F68AD6C82184DF5B00BA0701 /* Assets.xcassets in Resources */,
				F68AD6C62184DF5A00BA0701 /* Main.storyboard in Resources */,
			);
			runOnlyForDeploymentPostprocessing = 0;
		};
/* End PBXResourcesBuildPhase section */

/* Begin PBXSourcesBuildPhase section */
		F68AD6B92184DF5900BA0701 /* Sources */ = {
			isa = PBXSourcesBuildPhase;
			buildActionMask = 2147483647;
			files = (
				F68AD6C32184DF5A00BA0701 /* ViewController.swift in Sources */,
				F68AD6C12184DF5A00BA0701 /* AppDelegate.swift in Sources */,
			);
			runOnlyForDeploymentPostprocessing = 0;
		};
/* End PBXSourcesBuildPhase section */

/* Begin PBXVariantGroup section */
		F68AD6C42184DF5A00BA0701 /* Main.storyboard */ = {
			isa = PBXVariantGroup;
			children = (
				F68AD6C52184DF5A00BA0701 /* Base */,
			);
			name = Main.storyboard;
			sourceTree = "<group>";
		};
		F68AD6C92184DF5B00BA0701 /* LaunchScreen.storyboard */ = {
			isa = PBXVariantGroup;
			children = (
				F68AD6CA2184DF5B00BA0701 /* Base */,
			);
			name = LaunchScreen.storyboard;
			sourceTree = "<group>";
		};
/* End PBXVariantGroup section */

/* Begin XCBuildConfiguration section */
		F68AD6CD2184DF5B00BA0701 /* Debug */ = {
			isa = XCBuildConfiguration;
			buildSettings = {
				ALWAYS_SEARCH_USER_PATHS = NO;
				CLANG_ANALYZER_NONNULL = YES;
				CLANG_ANALYZER_NUMBER_OBJECT_CONVERSION = YES_AGGRESSIVE;
				CLANG_CXX_LANGUAGE_STANDARD = "gnu++14";
				CLANG_CXX_LIBRARY = "libc++";
				CLANG_ENABLE_MODULES = YES;
				CLANG_ENABLE_OBJC_ARC = YES;
				CLANG_ENABLE_OBJC_WEAK = YES;
				CLANG_WARN_BLOCK_CAPTURE_AUTORELEASING = YES;
				CLANG_WARN_BOOL_CONVERSION = YES;
				CLANG_WARN_COMMA = YES;
				CLANG_WARN_CONSTANT_CONVERSION = YES;
				CLANG_WARN_DEPRECATED_OBJC_IMPLEMENTATIONS = YES;
				CLANG_WARN_DIRECT_OBJC_ISA_USAGE = YES_ERROR;
				CLANG_WARN_DOCUMENTATION_COMMENTS = YES;
				CLANG_WARN_EMPTY_BODY = YES;
				CLANG_WARN_ENUM_CONVERSION = YES;
				CLANG_WARN_INFINITE_RECURSION = YES;
				CLANG_WARN_INT_CONVERSION = YES;
				CLANG_WARN_NON_LITERAL_NULL_CONVERSION = YES;
				CLANG_WARN_OBJC_IMPLICIT_RETAIN_SELF = YES;
				CLANG_WARN_OBJC_LITERAL_CONVERSION = YES;
				CLANG_WARN_OBJC_ROOT_CLASS = YES_ERROR;
				CLANG_WARN_RANGE_LOOP_ANALYSIS = YES;
				CLANG_WARN_STRICT_PROTOTYPES = YES;
				CLANG_WARN_SUSPICIOUS_MOVE = YES;
				CLANG_WARN_UNGUARDED_AVAILABILITY = YES_AGGRESSIVE;
				CLANG_WARN_UNREACHABLE_CODE = YES;
				CLANG_WARN__DUPLICATE_METHOD_MATCH = YES;
				CODE_SIGN_IDENTITY = "iPhone Developer";
				COPY_PHASE_STRIP = NO;
				DEBUG_INFORMATION_FORMAT = dwarf;
				ENABLE_STRICT_OBJC_MSGSEND = YES;
				ENABLE_TESTABILITY = YES;
				GCC_C_LANGUAGE_STANDARD = gnu11;
				GCC_DYNAMIC_NO_PIC = NO;
				GCC_NO_COMMON_BLOCKS = YES;
				GCC_OPTIMIZATION_LEVEL = 0;
				GCC_PREPROCESSOR_DEFINITIONS = (
					"DEBUG=1",
					"$(inherited)",
				);
				GCC_WARN_64_TO_32_BIT_CONVERSION = YES;
				GCC_WARN_ABOUT_RETURN_TYPE = YES_ERROR;
				GCC_WARN_UNDECLARED_SELECTOR = YES;
				GCC_WARN_UNINITIALIZED_AUTOS = YES_AGGRESSIVE;
				GCC_WARN_UNUSED_FUNCTION = YES;
				GCC_WARN_UNUSED_VARIABLE = YES;
				IPHONEOS_DEPLOYMENT_TARGET = 12.0;
				MTL_ENABLE_DEBUG_INFO = INCLUDE_SOURCE;
				MTL_FAST_MATH = YES;
				ONLY_ACTIVE_ARCH = YES;
				SDKROOT = iphoneos;
				SWIFT_ACTIVE_COMPILATION_CONDITIONS = DEBUG;
				SWIFT_OPTIMIZATION_LEVEL = "-Onone";
			};
			name = Debug;
		};
		F68AD6CE2184DF5B00BA0701 /* Release */ = {
			isa = XCBuildConfiguration;
			buildSettings = {
				ALWAYS_SEARCH_USER_PATHS = NO;
				CLANG_ANALYZER_NONNULL = YES;
				CLANG_ANALYZER_NUMBER_OBJECT_CONVERSION = YES_AGGRESSIVE;
				CLANG_CXX_LANGUAGE_STANDARD = "gnu++14";
				CLANG_CXX_LIBRARY = "libc++";
				CLANG_ENABLE_MODULES = YES;
				CLANG_ENABLE_OBJC_ARC = YES;
				CLANG_ENABLE_OBJC_WEAK = YES;
				CLANG_WARN_BLOCK_CAPTURE_AUTORELEASING = YES;
				CLANG_WARN_BOOL_CONVERSION = YES;
				CLANG_WARN_COMMA = YES;
				CLANG_WARN_CONSTANT_CONVERSION = YES;
				CLANG_WARN_DEPRECATED_OBJC_IMPLEMENTATIONS = YES;
				CLANG_WARN_DIRECT_OBJC_ISA_USAGE = YES_ERROR;
				CLANG_WARN_DOCUMENTATION_COMMENTS = YES;
				CLANG_WARN_EMPTY_BODY = YES;
				CLANG_WARN_ENUM_CONVERSION = YES;
				CLANG_WARN_INFINITE_RECURSION = YES;
				CLANG_WARN_INT_CONVERSION = YES;
				CLANG_WARN_NON_LITERAL_NULL_CONVERSION = YES;
				CLANG_WARN_OBJC_IMPLICIT_RETAIN_SELF = YES;
				CLANG_WARN_OBJC_LITERAL_CONVERSION = YES;
				CLANG_WARN_OBJC_ROOT_CLASS = YES_ERROR;
				CLANG_WARN_RANGE_LOOP_ANALYSIS = YES;
				CLANG_WARN_STRICT_PROTOTYPES = YES;
				CLANG_WARN_SUSPICIOUS_MOVE = YES;
				CLANG_WARN_UNGUARDED_AVAILABILITY = YES_AGGRESSIVE;
				CLANG_WARN_UNREACHABLE_CODE = YES;
				CLANG_WARN__DUPLICATE_METHOD_MATCH = YES;
				CODE_SIGN_IDENTITY = "iPhone Developer";
				COPY_PHASE_STRIP = NO;
				DEBUG_INFORMATION_FORMAT = "dwarf-with-dsym";
				ENABLE_NS_ASSERTIONS = NO;
				ENABLE_STRICT_OBJC_MSGSEND = YES;
				GCC_C_LANGUAGE_STANDARD = gnu11;
				GCC_NO_COMMON_BLOCKS = YES;
				GCC_WARN_64_TO_32_BIT_CONVERSION = YES;
				GCC_WARN_ABOUT_RETURN_TYPE = YES_ERROR;
				GCC_WARN_UNDECLARED_SELECTOR = YES;
				GCC_WARN_UNINITIALIZED_AUTOS = YES_AGGRESSIVE;
				GCC_WARN_UNUSED_FUNCTION = YES;
				GCC_WARN_UNUSED_VARIABLE = YES;
				IPHONEOS_DEPLOYMENT_TARGET = 12.0;
				MTL_ENABLE_DEBUG_INFO = NO;
				MTL_FAST_MATH = YES;
				SDKROOT = iphoneos;
				SWIFT_COMPILATION_MODE = wholemodule;
				SWIFT_OPTIMIZATION_LEVEL = "-O";
				VALIDATE_PRODUCT = YES;
			};
			name = Release;
		};
		F68AD6D02184DF5B00BA0701 /* Debug */ = {
			isa = XCBuildConfiguration;
			buildSettings = {
				ASSETCATALOG_COMPILER_APPICON_NAME = AppIcon;
				CODE_SIGN_STYLE = Automatic;
				INFOPLIST_FILE = Tutor/Info.plist;
				LD_RUNPATH_SEARCH_PATHS = (
					"$(inherited)",
					"@executable_path/Frameworks",
				);
				PRODUCT_BUNDLE_IDENTIFIER = Javdav.Tutor;
				PRODUCT_NAME = "$(TARGET_NAME)";
				SWIFT_VERSION = 4.2;
				TARGETED_DEVICE_FAMILY = "1,2";
			};
			name = Debug;
		};
		F68AD6D12184DF5B00BA0701 /* Release */ = {
			isa = XCBuildConfiguration;
			buildSettings = {
				ASSETCATALOG_COMPILER_APPICON_NAME = AppIcon;
				CODE_SIGN_STYLE = Automatic;
				INFOPLIST_FILE = Tutor/Info.plist;
				LD_RUNPATH_SEARCH_PATHS = (
					"$(inherited)",
					"@executable_path/Frameworks",
				);
				PRODUCT_BUNDLE_IDENTIFIER = Javdav.Tutor;
				PRODUCT_NAME = "$(TARGET_NAME)";
				SWIFT_VERSION = 4.2;
				TARGETED_DEVICE_FAMILY = "1,2";
			};
			name = Release;
		};
/* End XCBuildConfiguration section */

/* Begin XCConfigurationList section */
		F68AD6B82184DF5900BA0701 /* Build configuration list for PBXProject "Tutor" */ = {
			isa = XCConfigurationList;
			buildConfigurations = (
				F68AD6CD2184DF5B00BA0701 /* Debug */,
				F68AD6CE2184DF5B00BA0701 /* Release */,
			);
			defaultConfigurationIsVisible = 0;
			defaultConfigurationName = Release;
		};
		F68AD6CF2184DF5B00BA0701 /* Build configuration list for PBXNativeTarget "Tutor" */ = {
			isa = XCConfigurationList;
			buildConfigurations = (
				F68AD6D02184DF5B00BA0701 /* Debug */,
				F68AD6D12184DF5B00BA0701 /* Release */,
			);
			defaultConfigurationIsVisible = 0;
			defaultConfigurationName = Release;
		};
/* End XCConfigurationList section */
	};
	rootObject = F68AD6B52184DF5900BA0701 /* Project object */;
}
