// !$*UTF8*$!
{
	archiveVersion = 1;
	classes = {
	};
	objectVersion = 50;
	objects = {

/* Begin PBXBuildFile section */
		D959524D25466281CA78ED3B /* Pods_Tutor.framework in Frameworks */ = {isa = PBXBuildFile; fileRef = 8B78EADDBC32CAE8A51076B7 /* Pods_Tutor.framework */; };
		F68AD6C12184DF5A00BA0701 /* AppDelegate.swift in Sources */ = {isa = PBXBuildFile; fileRef = F68AD6C02184DF5A00BA0701 /* AppDelegate.swift */; };
		F68AD6C62184DF5A00BA0701 /* Main.storyboard in Resources */ = {isa = PBXBuildFile; fileRef = F68AD6C42184DF5A00BA0701 /* Main.storyboard */; };
		F68AD6C82184DF5B00BA0701 /* Assets.xcassets in Resources */ = {isa = PBXBuildFile; fileRef = F68AD6C72184DF5B00BA0701 /* Assets.xcassets */; };
		F68AD6CB2184DF5B00BA0701 /* LaunchScreen.storyboard in Resources */ = {isa = PBXBuildFile; fileRef = F68AD6C92184DF5B00BA0701 /* LaunchScreen.storyboard */; };
		F68AD6D32184EA5500BA0701 /* GoogleService-Info.plist in Resources */ = {isa = PBXBuildFile; fileRef = F68AD6D22184EA5500BA0701 /* GoogleService-Info.plist */; };
		F68AD6D52184EDB800BA0701 /* HomeViewController.swift in Sources */ = {isa = PBXBuildFile; fileRef = F68AD6D42184EDB800BA0701 /* HomeViewController.swift */; };
		F68AD6D72184F78200BA0701 /* FindTutorViewController.swift in Sources */ = {isa = PBXBuildFile; fileRef = F68AD6D62184F78200BA0701 /* FindTutorViewController.swift */; };
		F68AD6DE218505E800BA0701 /* Tutor.swift in Sources */ = {isa = PBXBuildFile; fileRef = F68AD6DD218505E800BA0701 /* Tutor.swift */; };
		F68AD6E02185113200BA0701 /* TutorCell.swift in Sources */ = {isa = PBXBuildFile; fileRef = F68AD6DF2185113200BA0701 /* TutorCell.swift */; };
		F68AD6E221851DDB00BA0701 /* TutorDetailViewController.swift in Sources */ = {isa = PBXBuildFile; fileRef = F68AD6E121851DDB00BA0701 /* TutorDetailViewController.swift */; };
		F68AD6E42185207100BA0701 /* RequestMeetingViewController.swift in Sources */ = {isa = PBXBuildFile; fileRef = F68AD6E32185207100BA0701 /* RequestMeetingViewController.swift */; };
		F6C33501218536C20030D27D /* RequestsViewController.swift in Sources */ = {isa = PBXBuildFile; fileRef = F6C33500218536C20030D27D /* RequestsViewController.swift */; };
		F6C3350321853A580030D27D /* RequestDetailViewController.swift in Sources */ = {isa = PBXBuildFile; fileRef = F6C3350221853A580030D27D /* RequestDetailViewController.swift */; };
		F6C3350521853B8A0030D27D /* Request.swift in Sources */ = {isa = PBXBuildFile; fileRef = F6C3350421853B8A0030D27D /* Request.swift */; };
		F6C33507218549DA0030D27D /* RequestCell.swift in Sources */ = {isa = PBXBuildFile; fileRef = F6C33506218549DA0030D27D /* RequestCell.swift */; };
		F6C3350A21855DED0030D27D /* ProfileViewController.swift in Sources */ = {isa = PBXBuildFile; fileRef = F6C3350921855DED0030D27D /* ProfileViewController.swift */; };
		F6C3350C2185B3A20030D27D /* BecomeTutorBioViewController.swift in Sources */ = {isa = PBXBuildFile; fileRef = F6C3350B2185B3A20030D27D /* BecomeTutorBioViewController.swift */; };
		F6C3350E2185B3C10030D27D /* BecomeTutorSubjectsViewController.swift in Sources */ = {isa = PBXBuildFile; fileRef = F6C3350D2185B3C00030D27D /* BecomeTutorSubjectsViewController.swift */; };
		F6C335102185B3F90030D27D /* BecomeTutorCityViewController.swift in Sources */ = {isa = PBXBuildFile; fileRef = F6C3350F2185B3F90030D27D /* BecomeTutorCityViewController.swift */; };
		F6C335122185B52F0030D27D /* CityCell.swift in Sources */ = {isa = PBXBuildFile; fileRef = F6C335112185B52F0030D27D /* CityCell.swift */; };
		F6D6852F21852A6700116753 /* LogInViewController.swift in Sources */ = {isa = PBXBuildFile; fileRef = F6D6852E21852A6700116753 /* LogInViewController.swift */; };
		F6D6853121852A7000116753 /* SignUpViewController.swift in Sources */ = {isa = PBXBuildFile; fileRef = F6D6853021852A7000116753 /* SignUpViewController.swift */; };
/* End PBXBuildFile section */

/* Begin PBXFileReference section */
		129B2D3F45763C99FF0370DB /* Pods-Tutor.release.xcconfig */ = {isa = PBXFileReference; includeInIndex = 1; lastKnownFileType = text.xcconfig; name = "Pods-Tutor.release.xcconfig"; path = "Pods/Target Support Files/Pods-Tutor/Pods-Tutor.release.xcconfig"; sourceTree = "<group>"; };
		8B78EADDBC32CAE8A51076B7 /* Pods_Tutor.framework */ = {isa = PBXFileReference; explicitFileType = wrapper.framework; includeInIndex = 0; path = Pods_Tutor.framework; sourceTree = BUILT_PRODUCTS_DIR; };
		9B6A1FDE45E30AE857975FCB /* Pods-Tutor.debug.xcconfig */ = {isa = PBXFileReference; includeInIndex = 1; lastKnownFileType = text.xcconfig; name = "Pods-Tutor.debug.xcconfig"; path = "Pods/Target Support Files/Pods-Tutor/Pods-Tutor.debug.xcconfig"; sourceTree = "<group>"; };
		F68AD6BD2184DF5900BA0701 /* Tutor.app */ = {isa = PBXFileReference; explicitFileType = wrapper.application; includeInIndex = 0; path = Tutor.app; sourceTree = BUILT_PRODUCTS_DIR; };
		F68AD6C02184DF5A00BA0701 /* AppDelegate.swift */ = {isa = PBXFileReference; lastKnownFileType = sourcecode.swift; path = AppDelegate.swift; sourceTree = "<group>"; };
		F68AD6C52184DF5A00BA0701 /* Base */ = {isa = PBXFileReference; lastKnownFileType = file.storyboard; name = Base; path = Base.lproj/Main.storyboard; sourceTree = "<group>"; };
		F68AD6C72184DF5B00BA0701 /* Assets.xcassets */ = {isa = PBXFileReference; lastKnownFileType = folder.assetcatalog; path = Assets.xcassets; sourceTree = "<group>"; };
		F68AD6CA2184DF5B00BA0701 /* Base */ = {isa = PBXFileReference; lastKnownFileType = file.storyboard; name = Base; path = Base.lproj/LaunchScreen.storyboard; sourceTree = "<group>"; };
		F68AD6CC2184DF5B00BA0701 /* Info.plist */ = {isa = PBXFileReference; lastKnownFileType = text.plist.xml; path = Info.plist; sourceTree = "<group>"; };
		F68AD6D22184EA5500BA0701 /* GoogleService-Info.plist */ = {isa = PBXFileReference; fileEncoding = 4; lastKnownFileType = text.plist.xml; path = "GoogleService-Info.plist"; sourceTree = "<group>"; };
		F68AD6D42184EDB800BA0701 /* HomeViewController.swift */ = {isa = PBXFileReference; lastKnownFileType = sourcecode.swift; path = HomeViewController.swift; sourceTree = "<group>"; };
		F68AD6D62184F78200BA0701 /* FindTutorViewController.swift */ = {isa = PBXFileReference; lastKnownFileType = sourcecode.swift; path = FindTutorViewController.swift; sourceTree = "<group>"; };
		F68AD6DD218505E800BA0701 /* Tutor.swift */ = {isa = PBXFileReference; lastKnownFileType = sourcecode.swift; path = Tutor.swift; sourceTree = "<group>"; };
		F68AD6DF2185113200BA0701 /* TutorCell.swift */ = {isa = PBXFileReference; lastKnownFileType = sourcecode.swift; path = TutorCell.swift; sourceTree = "<group>"; };
		F68AD6E121851DDB00BA0701 /* TutorDetailViewController.swift */ = {isa = PBXFileReference; lastKnownFileType = sourcecode.swift; path = TutorDetailViewController.swift; sourceTree = "<group>"; };
		F68AD6E32185207100BA0701 /* RequestMeetingViewController.swift */ = {isa = PBXFileReference; lastKnownFileType = sourcecode.swift; path = RequestMeetingViewController.swift; sourceTree = "<group>"; };
		F6C33500218536C20030D27D /* RequestsViewController.swift */ = {isa = PBXFileReference; lastKnownFileType = sourcecode.swift; path = RequestsViewController.swift; sourceTree = "<group>"; };
		F6C3350221853A580030D27D /* RequestDetailViewController.swift */ = {isa = PBXFileReference; lastKnownFileType = sourcecode.swift; path = RequestDetailViewController.swift; sourceTree = "<group>"; };
		F6C3350421853B8A0030D27D /* Request.swift */ = {isa = PBXFileReference; lastKnownFileType = sourcecode.swift; path = Request.swift; sourceTree = "<group>"; };
		F6C33506218549DA0030D27D /* RequestCell.swift */ = {isa = PBXFileReference; lastKnownFileType = sourcecode.swift; path = RequestCell.swift; sourceTree = "<group>"; };
		F6C3350921855DED0030D27D /* ProfileViewController.swift */ = {isa = PBXFileReference; lastKnownFileType = sourcecode.swift; path = ProfileViewController.swift; sourceTree = "<group>"; };
		F6C3350B2185B3A20030D27D /* BecomeTutorBioViewController.swift */ = {isa = PBXFileReference; lastKnownFileType = sourcecode.swift; path = BecomeTutorBioViewController.swift; sourceTree = "<group>"; };
		F6C3350D2185B3C00030D27D /* BecomeTutorSubjectsViewController.swift */ = {isa = PBXFileReference; lastKnownFileType = sourcecode.swift; path = BecomeTutorSubjectsViewController.swift; sourceTree = "<group>"; };
		F6C3350F2185B3F90030D27D /* BecomeTutorCityViewController.swift */ = {isa = PBXFileReference; lastKnownFileType = sourcecode.swift; path = BecomeTutorCityViewController.swift; sourceTree = "<group>"; };
		F6C335112185B52F0030D27D /* CityCell.swift */ = {isa = PBXFileReference; lastKnownFileType = sourcecode.swift; path = CityCell.swift; sourceTree = "<group>"; };
		F6D6852E21852A6700116753 /* LogInViewController.swift */ = {isa = PBXFileReference; lastKnownFileType = sourcecode.swift; path = LogInViewController.swift; sourceTree = "<group>"; };
		F6D6853021852A7000116753 /* SignUpViewController.swift */ = {isa = PBXFileReference; lastKnownFileType = sourcecode.swift; path = SignUpViewController.swift; sourceTree = "<group>"; };
/* End PBXFileReference section */

/* Begin PBXFrameworksBuildPhase section */
		F68AD6BA2184DF5900BA0701 /* Frameworks */ = {
			isa = PBXFrameworksBuildPhase;
			buildActionMask = 2147483647;
			files = (
				D959524D25466281CA78ED3B /* Pods_Tutor.framework in Frameworks */,
			);
			runOnlyForDeploymentPostprocessing = 0;
		};
/* End PBXFrameworksBuildPhase section */

/* Begin PBXGroup section */
		0305263911F8162EE6AD9662 /* Frameworks */ = {
			isa = PBXGroup;
			children = (
				8B78EADDBC32CAE8A51076B7 /* Pods_Tutor.framework */,
			);
			name = Frameworks;
			sourceTree = "<group>";
		};
		C9878A81E90DC38E22F6FBCA /* Pods */ = {
			isa = PBXGroup;
			children = (
				9B6A1FDE45E30AE857975FCB /* Pods-Tutor.debug.xcconfig */,
				129B2D3F45763C99FF0370DB /* Pods-Tutor.release.xcconfig */,
			);
			name = Pods;
			sourceTree = "<group>";
		};
		F68AD6B42184DF5900BA0701 = {
			isa = PBXGroup;
			children = (
				F68AD6BF2184DF5A00BA0701 /* Tutor */,
				F68AD6BE2184DF5900BA0701 /* Products */,
				C9878A81E90DC38E22F6FBCA /* Pods */,
				0305263911F8162EE6AD9662 /* Frameworks */,
			);
			sourceTree = "<group>";
		};
		F68AD6BE2184DF5900BA0701 /* Products */ = {
			isa = PBXGroup;
			children = (
				F68AD6BD2184DF5900BA0701 /* Tutor.app */,
			);
			name = Products;
			sourceTree = "<group>";
		};
		F68AD6BF2184DF5A00BA0701 /* Tutor */ = {
			isa = PBXGroup;
			children = (
				F68AD6D82184F9AE00BA0701 /* ViewControllers */,
				F6C3350821854DF50030D27D /* Cells */,
				F68AD6C02184DF5A00BA0701 /* AppDelegate.swift */,
				F68AD6C42184DF5A00BA0701 /* Main.storyboard */,
				F6C335112185B52F0030D27D /* CityCell.swift */,
				F68AD6D22184EA5500BA0701 /* GoogleService-Info.plist */,
				F68AD6C72184DF5B00BA0701 /* Assets.xcassets */,
				F68AD6DD218505E800BA0701 /* Tutor.swift */,
				F6C3350421853B8A0030D27D /* Request.swift */,
				F68AD6C92184DF5B00BA0701 /* LaunchScreen.storyboard */,
				F68AD6CC2184DF5B00BA0701 /* Info.plist */,
			);
			path = Tutor;
			sourceTree = "<group>";
		};
		F68AD6D82184F9AE00BA0701 /* ViewControllers */ = {
			isa = PBXGroup;
			children = (
				F68AD6D62184F78200BA0701 /* FindTutorViewController.swift */,
				F68AD6D42184EDB800BA0701 /* HomeViewController.swift */,
				F68AD6E121851DDB00BA0701 /* TutorDetailViewController.swift */,
				F6D6852E21852A6700116753 /* LogInViewController.swift */,
				F6C3350921855DED0030D27D /* ProfileViewController.swift */,
				F6D6853021852A7000116753 /* SignUpViewController.swift */,
				F68AD6E32185207100BA0701 /* RequestMeetingViewController.swift */,
				F6C33500218536C20030D27D /* RequestsViewController.swift */,
				F6C3350D2185B3C00030D27D /* BecomeTutorSubjectsViewController.swift */,
				F6C3350B2185B3A20030D27D /* BecomeTutorBioViewController.swift */,
				F6C3350221853A580030D27D /* RequestDetailViewController.swift */,
				F6C3350F2185B3F90030D27D /* BecomeTutorCityViewController.swift */,
			);
			path = ViewControllers;
			sourceTree = "<group>";
		};
		F6C3350821854DF50030D27D /* Cells */ = {
			isa = PBXGroup;
			children = (
				F6C33506218549DA0030D27D /* RequestCell.swift */,
				F68AD6DF2185113200BA0701 /* TutorCell.swift */,
			);
			path = Cells;
			sourceTree = "<group>";
		};
/* End PBXGroup section */

/* Begin PBXNativeTarget section */
		F68AD6BC2184DF5900BA0701 /* Tutor */ = {
			isa = PBXNativeTarget;
			buildConfigurationList = F68AD6CF2184DF5B00BA0701 /* Build configuration list for PBXNativeTarget "Tutor" */;
			buildPhases = (
				62BFCEF5F394A4AE530819EF /* [CP] Check Pods Manifest.lock */,
				F68AD6B92184DF5900BA0701 /* Sources */,
				F68AD6BA2184DF5900BA0701 /* Frameworks */,
				F68AD6BB2184DF5900BA0701 /* Resources */,
				2AEAB0CF87A4F49324A4AC21 /* [CP] Embed Pods Frameworks */,
			);
			buildRules = (
			);
			dependencies = (
			);
			name = Tutor;
			productName = Tutor;
			productReference = F68AD6BD2184DF5900BA0701 /* Tutor.app */;
			productType = "com.apple.product-type.application";
		};
/* End PBXNativeTarget section */

/* Begin PBXProject section */
		F68AD6B52184DF5900BA0701 /* Project object */ = {
			isa = PBXProject;
			attributes = {
				LastSwiftUpdateCheck = 1000;
				LastUpgradeCheck = 1000;
				ORGANIZATIONNAME = "Javier Bustillo";
				TargetAttributes = {
					F68AD6BC2184DF5900BA0701 = {
						CreatedOnToolsVersion = 10.0;
					};
				};
			};
			buildConfigurationList = F68AD6B82184DF5900BA0701 /* Build configuration list for PBXProject "Tutor" */;
			compatibilityVersion = "Xcode 9.3";
			developmentRegion = en;
			hasScannedForEncodings = 0;
			knownRegions = (
				en,
				Base,
			);
			mainGroup = F68AD6B42184DF5900BA0701;
			productRefGroup = F68AD6BE2184DF5900BA0701 /* Products */;
			projectDirPath = "";
			projectRoot = "";
			targets = (
				F68AD6BC2184DF5900BA0701 /* Tutor */,
			);
		};
/* End PBXProject section */

/* Begin PBXResourcesBuildPhase section */
		F68AD6BB2184DF5900BA0701 /* Resources */ = {
			isa = PBXResourcesBuildPhase;
			buildActionMask = 2147483647;
			files = (
				F68AD6CB2184DF5B00BA0701 /* LaunchScreen.storyboard in Resources */,
				F68AD6D32184EA5500BA0701 /* GoogleService-Info.plist in Resources */,
				F68AD6C82184DF5B00BA0701 /* Assets.xcassets in Resources */,
				F68AD6C62184DF5A00BA0701 /* Main.storyboard in Resources */,
			);
			runOnlyForDeploymentPostprocessing = 0;
		};
/* End PBXResourcesBuildPhase section */

/* Begin PBXShellScriptBuildPhase section */
		2AEAB0CF87A4F49324A4AC21 /* [CP] Embed Pods Frameworks */ = {
			isa = PBXShellScriptBuildPhase;
			buildActionMask = 2147483647;
			files = (
			);
			inputPaths = (
				"${SRCROOT}/Pods/Target Support Files/Pods-Tutor/Pods-Tutor-frameworks.sh",
				"${BUILT_PRODUCTS_DIR}/BoringSSL/openssl.framework",
				"${BUILT_PRODUCTS_DIR}/GTMSessionFetcher/GTMSessionFetcher.framework",
				"${BUILT_PRODUCTS_DIR}/GoogleUtilities/GoogleUtilities.framework",
				"${BUILT_PRODUCTS_DIR}/Protobuf/Protobuf.framework",
				"${BUILT_PRODUCTS_DIR}/gRPC/GRPCClient.framework",
				"${BUILT_PRODUCTS_DIR}/gRPC-C++/grpcpp.framework",
				"${BUILT_PRODUCTS_DIR}/gRPC-Core/grpc.framework",
				"${BUILT_PRODUCTS_DIR}/gRPC-ProtoRPC/ProtoRPC.framework",
				"${BUILT_PRODUCTS_DIR}/gRPC-RxLibrary/RxLibrary.framework",
				"${BUILT_PRODUCTS_DIR}/leveldb-library/leveldb.framework",
				"${BUILT_PRODUCTS_DIR}/nanopb/nanopb.framework",
			);
			name = "[CP] Embed Pods Frameworks";
			outputPaths = (
				"${TARGET_BUILD_DIR}/${FRAMEWORKS_FOLDER_PATH}/openssl.framework",
				"${TARGET_BUILD_DIR}/${FRAMEWORKS_FOLDER_PATH}/GTMSessionFetcher.framework",
				"${TARGET_BUILD_DIR}/${FRAMEWORKS_FOLDER_PATH}/GoogleUtilities.framework",
				"${TARGET_BUILD_DIR}/${FRAMEWORKS_FOLDER_PATH}/Protobuf.framework",
				"${TARGET_BUILD_DIR}/${FRAMEWORKS_FOLDER_PATH}/GRPCClient.framework",
				"${TARGET_BUILD_DIR}/${FRAMEWORKS_FOLDER_PATH}/grpcpp.framework",
				"${TARGET_BUILD_DIR}/${FRAMEWORKS_FOLDER_PATH}/grpc.framework",
				"${TARGET_BUILD_DIR}/${FRAMEWORKS_FOLDER_PATH}/ProtoRPC.framework",
				"${TARGET_BUILD_DIR}/${FRAMEWORKS_FOLDER_PATH}/RxLibrary.framework",
				"${TARGET_BUILD_DIR}/${FRAMEWORKS_FOLDER_PATH}/leveldb.framework",
				"${TARGET_BUILD_DIR}/${FRAMEWORKS_FOLDER_PATH}/nanopb.framework",
			);
			runOnlyForDeploymentPostprocessing = 0;
			shellPath = /bin/sh;
			shellScript = "\"${SRCROOT}/Pods/Target Support Files/Pods-Tutor/Pods-Tutor-frameworks.sh\"\n";
			showEnvVarsInLog = 0;
		};
		62BFCEF5F394A4AE530819EF /* [CP] Check Pods Manifest.lock */ = {
			isa = PBXShellScriptBuildPhase;
			buildActionMask = 2147483647;
			files = (
			);
			inputPaths = (
				"${PODS_PODFILE_DIR_PATH}/Podfile.lock",
				"${PODS_ROOT}/Manifest.lock",
			);
			name = "[CP] Check Pods Manifest.lock";
			outputPaths = (
				"$(DERIVED_FILE_DIR)/Pods-Tutor-checkManifestLockResult.txt",
			);
			runOnlyForDeploymentPostprocessing = 0;
			shellPath = /bin/sh;
			shellScript = "diff \"${PODS_PODFILE_DIR_PATH}/Podfile.lock\" \"${PODS_ROOT}/Manifest.lock\" > /dev/null\nif [ $? != 0 ] ; then\n    # print error to STDERR\n    echo \"error: The sandbox is not in sync with the Podfile.lock. Run 'pod install' or update your CocoaPods installation.\" >&2\n    exit 1\nfi\n# This output is used by Xcode 'outputs' to avoid re-running this script phase.\necho \"SUCCESS\" > \"${SCRIPT_OUTPUT_FILE_0}\"\n";
			showEnvVarsInLog = 0;
		};
/* End PBXShellScriptBuildPhase section */

/* Begin PBXSourcesBuildPhase section */
		F68AD6B92184DF5900BA0701 /* Sources */ = {
			isa = PBXSourcesBuildPhase;
			buildActionMask = 2147483647;
			files = (
				F6C33501218536C20030D27D /* RequestsViewController.swift in Sources */,
				F6C3350521853B8A0030D27D /* Request.swift in Sources */,
				F6C3350321853A580030D27D /* RequestDetailViewController.swift in Sources */,
				F68AD6DE218505E800BA0701 /* Tutor.swift in Sources */,
				F6C3350C2185B3A20030D27D /* BecomeTutorBioViewController.swift in Sources */,
				F6C3350A21855DED0030D27D /* ProfileViewController.swift in Sources */,
				F68AD6C12184DF5A00BA0701 /* AppDelegate.swift in Sources */,
				F68AD6E02185113200BA0701 /* TutorCell.swift in Sources */,
				F68AD6D72184F78200BA0701 /* FindTutorViewController.swift in Sources */,
				F6D6852F21852A6700116753 /* LogInViewController.swift in Sources */,
				F68AD6E221851DDB00BA0701 /* TutorDetailViewController.swift in Sources */,
				F6D6853121852A7000116753 /* SignUpViewController.swift in Sources */,
				F68AD6D52184EDB800BA0701 /* HomeViewController.swift in Sources */,
				F6C3350E2185B3C10030D27D /* BecomeTutorSubjectsViewController.swift in Sources */,
				F6C335122185B52F0030D27D /* CityCell.swift in Sources */,
				F68AD6E42185207100BA0701 /* RequestMeetingViewController.swift in Sources */,
				F6C335102185B3F90030D27D /* BecomeTutorCityViewController.swift in Sources */,
				F6C33507218549DA0030D27D /* RequestCell.swift in Sources */,
			);
			runOnlyForDeploymentPostprocessing = 0;
		};
/* End PBXSourcesBuildPhase section */

/* Begin PBXVariantGroup section */
		F68AD6C42184DF5A00BA0701 /* Main.storyboard */ = {
			isa = PBXVariantGroup;
			children = (
				F68AD6C52184DF5A00BA0701 /* Base */,
			);
			name = Main.storyboard;
			sourceTree = "<group>";
		};
		F68AD6C92184DF5B00BA0701 /* LaunchScreen.storyboard */ = {
			isa = PBXVariantGroup;
			children = (
				F68AD6CA2184DF5B00BA0701 /* Base */,
			);
			name = LaunchScreen.storyboard;
			sourceTree = "<group>";
		};
/* End PBXVariantGroup section */

/* Begin XCBuildConfiguration section */
		F68AD6CD2184DF5B00BA0701 /* Debug */ = {
			isa = XCBuildConfiguration;
			buildSettings = {
				ALWAYS_SEARCH_USER_PATHS = NO;
				CLANG_ANALYZER_NONNULL = YES;
				CLANG_ANALYZER_NUMBER_OBJECT_CONVERSION = YES_AGGRESSIVE;
				CLANG_CXX_LANGUAGE_STANDARD = "gnu++14";
				CLANG_CXX_LIBRARY = "libc++";
				CLANG_ENABLE_MODULES = YES;
				CLANG_ENABLE_OBJC_ARC = YES;
				CLANG_ENABLE_OBJC_WEAK = YES;
				CLANG_WARN_BLOCK_CAPTURE_AUTORELEASING = YES;
				CLANG_WARN_BOOL_CONVERSION = YES;
				CLANG_WARN_COMMA = YES;
				CLANG_WARN_CONSTANT_CONVERSION = YES;
				CLANG_WARN_DEPRECATED_OBJC_IMPLEMENTATIONS = YES;
				CLANG_WARN_DIRECT_OBJC_ISA_USAGE = YES_ERROR;
				CLANG_WARN_DOCUMENTATION_COMMENTS = YES;
				CLANG_WARN_EMPTY_BODY = YES;
				CLANG_WARN_ENUM_CONVERSION = YES;
				CLANG_WARN_INFINITE_RECURSION = YES;
				CLANG_WARN_INT_CONVERSION = YES;
				CLANG_WARN_NON_LITERAL_NULL_CONVERSION = YES;
				CLANG_WARN_OBJC_IMPLICIT_RETAIN_SELF = YES;
				CLANG_WARN_OBJC_LITERAL_CONVERSION = YES;
				CLANG_WARN_OBJC_ROOT_CLASS = YES_ERROR;
				CLANG_WARN_RANGE_LOOP_ANALYSIS = YES;
				CLANG_WARN_STRICT_PROTOTYPES = YES;
				CLANG_WARN_SUSPICIOUS_MOVE = YES;
				CLANG_WARN_UNGUARDED_AVAILABILITY = YES_AGGRESSIVE;
				CLANG_WARN_UNREACHABLE_CODE = YES;
				CLANG_WARN__DUPLICATE_METHOD_MATCH = YES;
				CODE_SIGN_IDENTITY = "iPhone Developer";
				COPY_PHASE_STRIP = NO;
				DEBUG_INFORMATION_FORMAT = dwarf;
				ENABLE_STRICT_OBJC_MSGSEND = YES;
				ENABLE_TESTABILITY = YES;
				GCC_C_LANGUAGE_STANDARD = gnu11;
				GCC_DYNAMIC_NO_PIC = NO;
				GCC_NO_COMMON_BLOCKS = YES;
				GCC_OPTIMIZATION_LEVEL = 0;
				GCC_PREPROCESSOR_DEFINITIONS = (
					"DEBUG=1",
					"$(inherited)",
				);
				GCC_WARN_64_TO_32_BIT_CONVERSION = YES;
				GCC_WARN_ABOUT_RETURN_TYPE = YES_ERROR;
				GCC_WARN_UNDECLARED_SELECTOR = YES;
				GCC_WARN_UNINITIALIZED_AUTOS = YES_AGGRESSIVE;
				GCC_WARN_UNUSED_FUNCTION = YES;
				GCC_WARN_UNUSED_VARIABLE = YES;
				IPHONEOS_DEPLOYMENT_TARGET = 12.0;
				MTL_ENABLE_DEBUG_INFO = INCLUDE_SOURCE;
				MTL_FAST_MATH = YES;
				ONLY_ACTIVE_ARCH = YES;
				SDKROOT = iphoneos;
				SWIFT_ACTIVE_COMPILATION_CONDITIONS = DEBUG;
				SWIFT_OPTIMIZATION_LEVEL = "-Onone";
			};
			name = Debug;
		};
		F68AD6CE2184DF5B00BA0701 /* Release */ = {
			isa = XCBuildConfiguration;
			buildSettings = {
				ALWAYS_SEARCH_USER_PATHS = NO;
				CLANG_ANALYZER_NONNULL = YES;
				CLANG_ANALYZER_NUMBER_OBJECT_CONVERSION = YES_AGGRESSIVE;
				CLANG_CXX_LANGUAGE_STANDARD = "gnu++14";
				CLANG_CXX_LIBRARY = "libc++";
				CLANG_ENABLE_MODULES = YES;
				CLANG_ENABLE_OBJC_ARC = YES;
				CLANG_ENABLE_OBJC_WEAK = YES;
				CLANG_WARN_BLOCK_CAPTURE_AUTORELEASING = YES;
				CLANG_WARN_BOOL_CONVERSION = YES;
				CLANG_WARN_COMMA = YES;
				CLANG_WARN_CONSTANT_CONVERSION = YES;
				CLANG_WARN_DEPRECATED_OBJC_IMPLEMENTATIONS = YES;
				CLANG_WARN_DIRECT_OBJC_ISA_USAGE = YES_ERROR;
				CLANG_WARN_DOCUMENTATION_COMMENTS = YES;
				CLANG_WARN_EMPTY_BODY = YES;
				CLANG_WARN_ENUM_CONVERSION = YES;
				CLANG_WARN_INFINITE_RECURSION = YES;
				CLANG_WARN_INT_CONVERSION = YES;
				CLANG_WARN_NON_LITERAL_NULL_CONVERSION = YES;
				CLANG_WARN_OBJC_IMPLICIT_RETAIN_SELF = YES;
				CLANG_WARN_OBJC_LITERAL_CONVERSION = YES;
				CLANG_WARN_OBJC_ROOT_CLASS = YES_ERROR;
				CLANG_WARN_RANGE_LOOP_ANALYSIS = YES;
				CLANG_WARN_STRICT_PROTOTYPES = YES;
				CLANG_WARN_SUSPICIOUS_MOVE = YES;
				CLANG_WARN_UNGUARDED_AVAILABILITY = YES_AGGRESSIVE;
				CLANG_WARN_UNREACHABLE_CODE = YES;
				CLANG_WARN__DUPLICATE_METHOD_MATCH = YES;
				CODE_SIGN_IDENTITY = "iPhone Developer";
				COPY_PHASE_STRIP = NO;
				DEBUG_INFORMATION_FORMAT = "dwarf-with-dsym";
				ENABLE_NS_ASSERTIONS = NO;
				ENABLE_STRICT_OBJC_MSGSEND = YES;
				GCC_C_LANGUAGE_STANDARD = gnu11;
				GCC_NO_COMMON_BLOCKS = YES;
				GCC_WARN_64_TO_32_BIT_CONVERSION = YES;
				GCC_WARN_ABOUT_RETURN_TYPE = YES_ERROR;
				GCC_WARN_UNDECLARED_SELECTOR = YES;
				GCC_WARN_UNINITIALIZED_AUTOS = YES_AGGRESSIVE;
				GCC_WARN_UNUSED_FUNCTION = YES;
				GCC_WARN_UNUSED_VARIABLE = YES;
				IPHONEOS_DEPLOYMENT_TARGET = 12.0;
				MTL_ENABLE_DEBUG_INFO = NO;
				MTL_FAST_MATH = YES;
				SDKROOT = iphoneos;
				SWIFT_COMPILATION_MODE = wholemodule;
				SWIFT_OPTIMIZATION_LEVEL = "-O";
				VALIDATE_PRODUCT = YES;
			};
			name = Release;
		};
		F68AD6D02184DF5B00BA0701 /* Debug */ = {
			isa = XCBuildConfiguration;
			baseConfigurationReference = 9B6A1FDE45E30AE857975FCB /* Pods-Tutor.debug.xcconfig */;
			buildSettings = {
				ASSETCATALOG_COMPILER_APPICON_NAME = AppIcon;
				CODE_SIGN_STYLE = Automatic;
				INFOPLIST_FILE = Tutor/Info.plist;
				LD_RUNPATH_SEARCH_PATHS = (
					"$(inherited)",
					"@executable_path/Frameworks",
				);
				PRODUCT_BUNDLE_IDENTIFIER = Javdav.Tutor;
				PRODUCT_NAME = "$(TARGET_NAME)";
				SWIFT_VERSION = 4.2;
				TARGETED_DEVICE_FAMILY = "1,2";
			};
			name = Debug;
		};
		F68AD6D12184DF5B00BA0701 /* Release */ = {
			isa = XCBuildConfiguration;
			baseConfigurationReference = 129B2D3F45763C99FF0370DB /* Pods-Tutor.release.xcconfig */;
			buildSettings = {
				ASSETCATALOG_COMPILER_APPICON_NAME = AppIcon;
				CODE_SIGN_STYLE = Automatic;
				INFOPLIST_FILE = Tutor/Info.plist;
				LD_RUNPATH_SEARCH_PATHS = (
					"$(inherited)",
					"@executable_path/Frameworks",
				);
				PRODUCT_BUNDLE_IDENTIFIER = Javdav.Tutor;
				PRODUCT_NAME = "$(TARGET_NAME)";
				SWIFT_VERSION = 4.2;
				TARGETED_DEVICE_FAMILY = "1,2";
			};
			name = Release;
		};
/* End XCBuildConfiguration section */

/* Begin XCConfigurationList section */
		F68AD6B82184DF5900BA0701 /* Build configuration list for PBXProject "Tutor" */ = {
			isa = XCConfigurationList;
			buildConfigurations = (
				F68AD6CD2184DF5B00BA0701 /* Debug */,
				F68AD6CE2184DF5B00BA0701 /* Release */,
			);
			defaultConfigurationIsVisible = 0;
			defaultConfigurationName = Release;
		};
		F68AD6CF2184DF5B00BA0701 /* Build configuration list for PBXNativeTarget "Tutor" */ = {
			isa = XCConfigurationList;
			buildConfigurations = (
				F68AD6D02184DF5B00BA0701 /* Debug */,
				F68AD6D12184DF5B00BA0701 /* Release */,
			);
			defaultConfigurationIsVisible = 0;
			defaultConfigurationName = Release;
		};
/* End XCConfigurationList section */
	};
	rootObject = F68AD6B52184DF5900BA0701 /* Project object */;
}
